// !$*UTF8*$!
{
	archiveVersion = 1;
	classes = {
	};
	objectVersion = 50;
	objects = {

/* Begin PBXBuildFile section */
		C70FBFC8263B26B500CAEF09 /* AppDelegate.swift in Sources */ = {isa = PBXBuildFile; fileRef = C70FBFC7263B26B500CAEF09 /* AppDelegate.swift */; };
		C70FBFCA263B26B500CAEF09 /* SceneDelegate.swift in Sources */ = {isa = PBXBuildFile; fileRef = C70FBFC9263B26B500CAEF09 /* SceneDelegate.swift */; };
		C70FBFCC263B26B500CAEF09 /* ViewController.swift in Sources */ = {isa = PBXBuildFile; fileRef = C70FBFCB263B26B500CAEF09 /* ViewController.swift */; };
		C70FBFCF263B26B500CAEF09 /* Main.storyboard in Resources */ = {isa = PBXBuildFile; fileRef = C70FBFCD263B26B500CAEF09 /* Main.storyboard */; };
		C70FBFD1263B26B600CAEF09 /* Assets.xcassets in Resources */ = {isa = PBXBuildFile; fileRef = C70FBFD0263B26B600CAEF09 /* Assets.xcassets */; };
		C70FBFD4263B26B600CAEF09 /* LaunchScreen.storyboard in Resources */ = {isa = PBXBuildFile; fileRef = C70FBFD2263B26B600CAEF09 /* LaunchScreen.storyboard */; };
		C70FBFDF263B26B600CAEF09 /* AsianArtTests.swift in Sources */ = {isa = PBXBuildFile; fileRef = C70FBFDE263B26B600CAEF09 /* AsianArtTests.swift */; };
		C70FBFEA263B26B600CAEF09 /* AsianArtUITests.swift in Sources */ = {isa = PBXBuildFile; fileRef = C70FBFE9263B26B600CAEF09 /* AsianArtUITests.swift */; };
/* End PBXBuildFile section */

/* Begin PBXContainerItemProxy section */
		C70FBFDB263B26B600CAEF09 /* PBXContainerItemProxy */ = {
			isa = PBXContainerItemProxy;
			containerPortal = C70FBFBC263B26B500CAEF09 /* Project object */;
			proxyType = 1;
			remoteGlobalIDString = C70FBFC3263B26B500CAEF09;
			remoteInfo = AsianArt;
		};
		C70FBFE6263B26B600CAEF09 /* PBXContainerItemProxy */ = {
			isa = PBXContainerItemProxy;
			containerPortal = C70FBFBC263B26B500CAEF09 /* Project object */;
			proxyType = 1;
			remoteGlobalIDString = C70FBFC3263B26B500CAEF09;
			remoteInfo = AsianArt;
		};
/* End PBXContainerItemProxy section */

/* Begin PBXFileReference section */
		C70FBFC4263B26B500CAEF09 /* AsianArt.app */ = {isa = PBXFileReference; explicitFileType = wrapper.application; includeInIndex = 0; path = AsianArt.app; sourceTree = BUILT_PRODUCTS_DIR; };
		C70FBFC7263B26B500CAEF09 /* AppDelegate.swift */ = {isa = PBXFileReference; lastKnownFileType = sourcecode.swift; path = AppDelegate.swift; sourceTree = "<group>"; };
		C70FBFC9263B26B500CAEF09 /* SceneDelegate.swift */ = {isa = PBXFileReference; lastKnownFileType = sourcecode.swift; path = SceneDelegate.swift; sourceTree = "<group>"; };
		C70FBFCB263B26B500CAEF09 /* ViewController.swift */ = {isa = PBXFileReference; lastKnownFileType = sourcecode.swift; path = ViewController.swift; sourceTree = "<group>"; };
		C70FBFCE263B26B500CAEF09 /* Base */ = {isa = PBXFileReference; lastKnownFileType = file.storyboard; name = Base; path = Base.lproj/Main.storyboard; sourceTree = "<group>"; };
		C70FBFD0263B26B600CAEF09 /* Assets.xcassets */ = {isa = PBXFileReference; lastKnownFileType = folder.assetcatalog; path = Assets.xcassets; sourceTree = "<group>"; };
		C70FBFD3263B26B600CAEF09 /* Base */ = {isa = PBXFileReference; lastKnownFileType = file.storyboard; name = Base; path = Base.lproj/LaunchScreen.storyboard; sourceTree = "<group>"; };
		C70FBFD5263B26B600CAEF09 /* Info.plist */ = {isa = PBXFileReference; lastKnownFileType = text.plist.xml; path = Info.plist; sourceTree = "<group>"; };
		C70FBFDA263B26B600CAEF09 /* AsianArtTests.xctest */ = {isa = PBXFileReference; explicitFileType = wrapper.cfbundle; includeInIndex = 0; path = AsianArtTests.xctest; sourceTree = BUILT_PRODUCTS_DIR; };
		C70FBFDE263B26B600CAEF09 /* AsianArtTests.swift */ = {isa = PBXFileReference; lastKnownFileType = sourcecode.swift; path = AsianArtTests.swift; sourceTree = "<group>"; };
		C70FBFE0263B26B600CAEF09 /* Info.plist */ = {isa = PBXFileReference; lastKnownFileType = text.plist.xml; path = Info.plist; sourceTree = "<group>"; };
		C70FBFE5263B26B600CAEF09 /* AsianArtUITests.xctest */ = {isa = PBXFileReference; explicitFileType = wrapper.cfbundle; includeInIndex = 0; path = AsianArtUITests.xctest; sourceTree = BUILT_PRODUCTS_DIR; };
		C70FBFE9263B26B600CAEF09 /* AsianArtUITests.swift */ = {isa = PBXFileReference; lastKnownFileType = sourcecode.swift; path = AsianArtUITests.swift; sourceTree = "<group>"; };
		C70FBFEB263B26B600CAEF09 /* Info.plist */ = {isa = PBXFileReference; lastKnownFileType = text.plist.xml; path = Info.plist; sourceTree = "<group>"; };
/* End PBXFileReference section */

/* Begin PBXFrameworksBuildPhase section */
		C70FBFC1263B26B500CAEF09 /* Frameworks */ = {
			isa = PBXFrameworksBuildPhase;
			buildActionMask = 2147483647;
			files = (
			);
			runOnlyForDeploymentPostprocessing = 0;
		};
		C70FBFD7263B26B600CAEF09 /* Frameworks */ = {
			isa = PBXFrameworksBuildPhase;
			buildActionMask = 2147483647;
			files = (
			);
			runOnlyForDeploymentPostprocessing = 0;
		};
		C70FBFE2263B26B600CAEF09 /* Frameworks */ = {
			isa = PBXFrameworksBuildPhase;
			buildActionMask = 2147483647;
			files = (
			);
			runOnlyForDeploymentPostprocessing = 0;
		};
/* End PBXFrameworksBuildPhase section */

/* Begin PBXGroup section */
		C70FBFBB263B26B500CAEF09 = {
			isa = PBXGroup;
			children = (
				C70FBFC6263B26B500CAEF09 /* AsianArt */,
				C70FBFDD263B26B600CAEF09 /* AsianArtTests */,
				C70FBFE8263B26B600CAEF09 /* AsianArtUITests */,
				C70FBFC5263B26B500CAEF09 /* Products */,
			);
			sourceTree = "<group>";
		};
		C70FBFC5263B26B500CAEF09 /* Products */ = {
			isa = PBXGroup;
			children = (
				C70FBFC4263B26B500CAEF09 /* AsianArt.app */,
				C70FBFDA263B26B600CAEF09 /* AsianArtTests.xctest */,
				C70FBFE5263B26B600CAEF09 /* AsianArtUITests.xctest */,
			);
			name = Products;
			sourceTree = "<group>";
		};
		C70FBFC6263B26B500CAEF09 /* AsianArt */ = {
			isa = PBXGroup;
			children = (
				C70FBFC7263B26B500CAEF09 /* AppDelegate.swift */,
				C70FBFC9263B26B500CAEF09 /* SceneDelegate.swift */,
				C70FBFCB263B26B500CAEF09 /* ViewController.swift */,
				C70FBFCD263B26B500CAEF09 /* Main.storyboard */,
				C70FBFD0263B26B600CAEF09 /* Assets.xcassets */,
				C70FBFD2263B26B600CAEF09 /* LaunchScreen.storyboard */,
				C70FBFD5263B26B600CAEF09 /* Info.plist */,
			);
			path = AsianArt;
			sourceTree = "<group>";
		};
		C70FBFDD263B26B600CAEF09 /* AsianArtTests */ = {
			isa = PBXGroup;
			children = (
				C70FBFDE263B26B600CAEF09 /* AsianArtTests.swift */,
				C70FBFE0263B26B600CAEF09 /* Info.plist */,
			);
			path = AsianArtTests;
			sourceTree = "<group>";
		};
		C70FBFE8263B26B600CAEF09 /* AsianArtUITests */ = {
			isa = PBXGroup;
			children = (
				C70FBFE9263B26B600CAEF09 /* AsianArtUITests.swift */,
				C70FBFEB263B26B600CAEF09 /* Info.plist */,
			);
			path = AsianArtUITests;
			sourceTree = "<group>";
		};
/* End PBXGroup section */

/* Begin PBXNativeTarget section */
		C70FBFC3263B26B500CAEF09 /* AsianArt */ = {
			isa = PBXNativeTarget;
			buildConfigurationList = C70FBFEE263B26B600CAEF09 /* Build configuration list for PBXNativeTarget "AsianArt" */;
			buildPhases = (
				C70FBFC0263B26B500CAEF09 /* Sources */,
				C70FBFC1263B26B500CAEF09 /* Frameworks */,
				C70FBFC2263B26B500CAEF09 /* Resources */,
			);
			buildRules = (
			);
			dependencies = (
			);
			name = AsianArt;
			productName = AsianArt;
			productReference = C70FBFC4263B26B500CAEF09 /* AsianArt.app */;
			productType = "com.apple.product-type.application";
		};
		C70FBFD9263B26B600CAEF09 /* AsianArtTests */ = {
			isa = PBXNativeTarget;
			buildConfigurationList = C70FBFF1263B26B600CAEF09 /* Build configuration list for PBXNativeTarget "AsianArtTests" */;
			buildPhases = (
				C70FBFD6263B26B600CAEF09 /* Sources */,
				C70FBFD7263B26B600CAEF09 /* Frameworks */,
				C70FBFD8263B26B600CAEF09 /* Resources */,
			);
			buildRules = (
			);
			dependencies = (
				C70FBFDC263B26B600CAEF09 /* PBXTargetDependency */,
			);
			name = AsianArtTests;
			productName = AsianArtTests;
			productReference = C70FBFDA263B26B600CAEF09 /* AsianArtTests.xctest */;
			productType = "com.apple.product-type.bundle.unit-test";
		};
		C70FBFE4263B26B600CAEF09 /* AsianArtUITests */ = {
			isa = PBXNativeTarget;
			buildConfigurationList = C70FBFF4263B26B600CAEF09 /* Build configuration list for PBXNativeTarget "AsianArtUITests" */;
			buildPhases = (
				C70FBFE1263B26B600CAEF09 /* Sources */,
				C70FBFE2263B26B600CAEF09 /* Frameworks */,
				C70FBFE3263B26B600CAEF09 /* Resources */,
			);
			buildRules = (
			);
			dependencies = (
				C70FBFE7263B26B600CAEF09 /* PBXTargetDependency */,
			);
			name = AsianArtUITests;
			productName = AsianArtUITests;
			productReference = C70FBFE5263B26B600CAEF09 /* AsianArtUITests.xctest */;
			productType = "com.apple.product-type.bundle.ui-testing";
		};
/* End PBXNativeTarget section */

/* Begin PBXProject section */
		C70FBFBC263B26B500CAEF09 /* Project object */ = {
			isa = PBXProject;
			attributes = {
				LastSwiftUpdateCheck = 1240;
				LastUpgradeCheck = 1240;
				TargetAttributes = {
					C70FBFC3263B26B500CAEF09 = {
						CreatedOnToolsVersion = 12.4;
					};
					C70FBFD9263B26B600CAEF09 = {
						CreatedOnToolsVersion = 12.4;
						TestTargetID = C70FBFC3263B26B500CAEF09;
					};
					C70FBFE4263B26B600CAEF09 = {
						CreatedOnToolsVersion = 12.4;
						TestTargetID = C70FBFC3263B26B500CAEF09;
					};
				};
			};
			buildConfigurationList = C70FBFBF263B26B500CAEF09 /* Build configuration list for PBXProject "AsianArt" */;
			compatibilityVersion = "Xcode 9.3";
			developmentRegion = en;
			hasScannedForEncodings = 0;
			knownRegions = (
				en,
				Base,
			);
			mainGroup = C70FBFBB263B26B500CAEF09;
			productRefGroup = C70FBFC5263B26B500CAEF09 /* Products */;
			projectDirPath = "";
			projectRoot = "";
			targets = (
				C70FBFC3263B26B500CAEF09 /* AsianArt */,
				C70FBFD9263B26B600CAEF09 /* AsianArtTests */,
				C70FBFE4263B26B600CAEF09 /* AsianArtUITests */,
			);
		};
/* End PBXProject section */

/* Begin PBXResourcesBuildPhase section */
		C70FBFC2263B26B500CAEF09 /* Resources */ = {
			isa = PBXResourcesBuildPhase;
			buildActionMask = 2147483647;
			files = (
				C70FBFD4263B26B600CAEF09 /* LaunchScreen.storyboard in Resources */,
				C70FBFD1263B26B600CAEF09 /* Assets.xcassets in Resources */,
				C70FBFCF263B26B500CAEF09 /* Main.storyboard in Resources */,
			);
			runOnlyForDeploymentPostprocessing = 0;
		};
		C70FBFD8263B26B600CAEF09 /* Resources */ = {
			isa = PBXResourcesBuildPhase;
			buildActionMask = 2147483647;
			files = (
			);
			runOnlyForDeploymentPostprocessing = 0;
		};
		C70FBFE3263B26B600CAEF09 /* Resources */ = {
			isa = PBXResourcesBuildPhase;
			buildActionMask = 2147483647;
			files = (
			);
			runOnlyForDeploymentPostprocessing = 0;
		};
/* End PBXResourcesBuildPhase section */

/* Begin PBXSourcesBuildPhase section */
		C70FBFC0263B26B500CAEF09 /* Sources */ = {
			isa = PBXSourcesBuildPhase;
			buildActionMask = 2147483647;
			files = (
				C70FBFCC263B26B500CAEF09 /* ViewController.swift in Sources */,
				C70FBFC8263B26B500CAEF09 /* AppDelegate.swift in Sources */,
				C70FBFCA263B26B500CAEF09 /* SceneDelegate.swift in Sources */,
			);
			runOnlyForDeploymentPostprocessing = 0;
		};
		C70FBFD6263B26B600CAEF09 /* Sources */ = {
			isa = PBXSourcesBuildPhase;
			buildActionMask = 2147483647;
			files = (
				C70FBFDF263B26B600CAEF09 /* AsianArtTests.swift in Sources */,
			);
			runOnlyForDeploymentPostprocessing = 0;
		};
		C70FBFE1263B26B600CAEF09 /* Sources */ = {
			isa = PBXSourcesBuildPhase;
			buildActionMask = 2147483647;
			files = (
				C70FBFEA263B26B600CAEF09 /* AsianArtUITests.swift in Sources */,
			);
			runOnlyForDeploymentPostprocessing = 0;
		};
/* End PBXSourcesBuildPhase section */

/* Begin PBXTargetDependency section */
		C70FBFDC263B26B600CAEF09 /* PBXTargetDependency */ = {
			isa = PBXTargetDependency;
			target = C70FBFC3263B26B500CAEF09 /* AsianArt */;
			targetProxy = C70FBFDB263B26B600CAEF09 /* PBXContainerItemProxy */;
		};
		C70FBFE7263B26B600CAEF09 /* PBXTargetDependency */ = {
			isa = PBXTargetDependency;
			target = C70FBFC3263B26B500CAEF09 /* AsianArt */;
			targetProxy = C70FBFE6263B26B600CAEF09 /* PBXContainerItemProxy */;
		};
/* End PBXTargetDependency section */

/* Begin PBXVariantGroup section */
		C70FBFCD263B26B500CAEF09 /* Main.storyboard */ = {
			isa = PBXVariantGroup;
			children = (
				C70FBFCE263B26B500CAEF09 /* Base */,
			);
			name = Main.storyboard;
			sourceTree = "<group>";
		};
		C70FBFD2263B26B600CAEF09 /* LaunchScreen.storyboard */ = {
			isa = PBXVariantGroup;
			children = (
				C70FBFD3263B26B600CAEF09 /* Base */,
			);
			name = LaunchScreen.storyboard;
			sourceTree = "<group>";
		};
/* End PBXVariantGroup section */

/* Begin XCBuildConfiguration section */
		C70FBFEC263B26B600CAEF09 /* Debug */ = {
			isa = XCBuildConfiguration;
			buildSettings = {
				ALWAYS_SEARCH_USER_PATHS = NO;
				CLANG_ANALYZER_NONNULL = YES;
				CLANG_ANALYZER_NUMBER_OBJECT_CONVERSION = YES_AGGRESSIVE;
				CLANG_CXX_LANGUAGE_STANDARD = "gnu++14";
				CLANG_CXX_LIBRARY = "libc++";
				CLANG_ENABLE_MODULES = YES;
				CLANG_ENABLE_OBJC_ARC = YES;
				CLANG_ENABLE_OBJC_WEAK = YES;
				CLANG_WARN_BLOCK_CAPTURE_AUTORELEASING = YES;
				CLANG_WARN_BOOL_CONVERSION = YES;
				CLANG_WARN_COMMA = YES;
				CLANG_WARN_CONSTANT_CONVERSION = YES;
				CLANG_WARN_DEPRECATED_OBJC_IMPLEMENTATIONS = YES;
				CLANG_WARN_DIRECT_OBJC_ISA_USAGE = YES_ERROR;
				CLANG_WARN_DOCUMENTATION_COMMENTS = YES;
				CLANG_WARN_EMPTY_BODY = YES;
				CLANG_WARN_ENUM_CONVERSION = YES;
				CLANG_WARN_INFINITE_RECURSION = YES;
				CLANG_WARN_INT_CONVERSION = YES;
				CLANG_WARN_NON_LITERAL_NULL_CONVERSION = YES;
				CLANG_WARN_OBJC_IMPLICIT_RETAIN_SELF = YES;
				CLANG_WARN_OBJC_LITERAL_CONVERSION = YES;
				CLANG_WARN_OBJC_ROOT_CLASS = YES_ERROR;
				CLANG_WARN_QUOTED_INCLUDE_IN_FRAMEWORK_HEADER = YES;
				CLANG_WARN_RANGE_LOOP_ANALYSIS = YES;
				CLANG_WARN_STRICT_PROTOTYPES = YES;
				CLANG_WARN_SUSPICIOUS_MOVE = YES;
				CLANG_WARN_UNGUARDED_AVAILABILITY = YES_AGGRESSIVE;
				CLANG_WARN_UNREACHABLE_CODE = YES;
				CLANG_WARN__DUPLICATE_METHOD_MATCH = YES;
				COPY_PHASE_STRIP = NO;
				DEBUG_INFORMATION_FORMAT = dwarf;
				ENABLE_STRICT_OBJC_MSGSEND = YES;
				ENABLE_TESTABILITY = YES;
				GCC_C_LANGUAGE_STANDARD = gnu11;
				GCC_DYNAMIC_NO_PIC = NO;
				GCC_NO_COMMON_BLOCKS = YES;
				GCC_OPTIMIZATION_LEVEL = 0;
				GCC_PREPROCESSOR_DEFINITIONS = (
					"DEBUG=1",
					"$(inherited)",
				);
				GCC_WARN_64_TO_32_BIT_CONVERSION = YES;
				GCC_WARN_ABOUT_RETURN_TYPE = YES_ERROR;
				GCC_WARN_UNDECLARED_SELECTOR = YES;
				GCC_WARN_UNINITIALIZED_AUTOS = YES_AGGRESSIVE;
				GCC_WARN_UNUSED_FUNCTION = YES;
				GCC_WARN_UNUSED_VARIABLE = YES;
				IPHONEOS_DEPLOYMENT_TARGET = 14.4;
				MTL_ENABLE_DEBUG_INFO = INCLUDE_SOURCE;
				MTL_FAST_MATH = YES;
				ONLY_ACTIVE_ARCH = YES;
				SDKROOT = iphoneos;
				SWIFT_ACTIVE_COMPILATION_CONDITIONS = DEBUG;
				SWIFT_OPTIMIZATION_LEVEL = "-Onone";
			};
			name = Debug;
		};
		C70FBFED263B26B600CAEF09 /* Release */ = {
			isa = XCBuildConfiguration;
			buildSettings = {
				ALWAYS_SEARCH_USER_PATHS = NO;
				CLANG_ANALYZER_NONNULL = YES;
				CLANG_ANALYZER_NUMBER_OBJECT_CONVERSION = YES_AGGRESSIVE;
				CLANG_CXX_LANGUAGE_STANDARD = "gnu++14";
				CLANG_CXX_LIBRARY = "libc++";
				CLANG_ENABLE_MODULES = YES;
				CLANG_ENABLE_OBJC_ARC = YES;
				CLANG_ENABLE_OBJC_WEAK = YES;
				CLANG_WARN_BLOCK_CAPTURE_AUTORELEASING = YES;
				CLANG_WARN_BOOL_CONVERSION = YES;
				CLANG_WARN_COMMA = YES;
				CLANG_WARN_CONSTANT_CONVERSION = YES;
				CLANG_WARN_DEPRECATED_OBJC_IMPLEMENTATIONS = YES;
				CLANG_WARN_DIRECT_OBJC_ISA_USAGE = YES_ERROR;
				CLANG_WARN_DOCUMENTATION_COMMENTS = YES;
				CLANG_WARN_EMPTY_BODY = YES;
				CLANG_WARN_ENUM_CONVERSION = YES;
				CLANG_WARN_INFINITE_RECURSION = YES;
				CLANG_WARN_INT_CONVERSION = YES;
				CLANG_WARN_NON_LITERAL_NULL_CONVERSION = YES;
				CLANG_WARN_OBJC_IMPLICIT_RETAIN_SELF = YES;
				CLANG_WARN_OBJC_LITERAL_CONVERSION = YES;
				CLANG_WARN_OBJC_ROOT_CLASS = YES_ERROR;
				CLANG_WARN_QUOTED_INCLUDE_IN_FRAMEWORK_HEADER = YES;
				CLANG_WARN_RANGE_LOOP_ANALYSIS = YES;
				CLANG_WARN_STRICT_PROTOTYPES = YES;
				CLANG_WARN_SUSPICIOUS_MOVE = YES;
				CLANG_WARN_UNGUARDED_AVAILABILITY = YES_AGGRESSIVE;
				CLANG_WARN_UNREACHABLE_CODE = YES;
				CLANG_WARN__DUPLICATE_METHOD_MATCH = YES;
				COPY_PHASE_STRIP = NO;
				DEBUG_INFORMATION_FORMAT = "dwarf-with-dsym";
				ENABLE_NS_ASSERTIONS = NO;
				ENABLE_STRICT_OBJC_MSGSEND = YES;
				GCC_C_LANGUAGE_STANDARD = gnu11;
				GCC_NO_COMMON_BLOCKS = YES;
				GCC_WARN_64_TO_32_BIT_CONVERSION = YES;
				GCC_WARN_ABOUT_RETURN_TYPE = YES_ERROR;
				GCC_WARN_UNDECLARED_SELECTOR = YES;
				GCC_WARN_UNINITIALIZED_AUTOS = YES_AGGRESSIVE;
				GCC_WARN_UNUSED_FUNCTION = YES;
				GCC_WARN_UNUSED_VARIABLE = YES;
				IPHONEOS_DEPLOYMENT_TARGET = 14.4;
				MTL_ENABLE_DEBUG_INFO = NO;
				MTL_FAST_MATH = YES;
				SDKROOT = iphoneos;
				SWIFT_COMPILATION_MODE = wholemodule;
				SWIFT_OPTIMIZATION_LEVEL = "-O";
				VALIDATE_PRODUCT = YES;
			};
			name = Release;
		};
		C70FBFEF263B26B600CAEF09 /* Debug */ = {
			isa = XCBuildConfiguration;
			buildSettings = {
				ASSETCATALOG_COMPILER_APPICON_NAME = AppIcon;
				ASSETCATALOG_COMPILER_GLOBAL_ACCENT_COLOR_NAME = AccentColor;
				CODE_SIGN_STYLE = Automatic;
				DEVELOPMENT_TEAM = 9FW5792CCY;
				INFOPLIST_FILE = AsianArt/Info.plist;
				LD_RUNPATH_SEARCH_PATHS = (
					"$(inherited)",
					"@executable_path/Frameworks",
				);
				PRODUCT_BUNDLE_IDENTIFIER = earlham.AsianArt;
				PRODUCT_NAME = "$(TARGET_NAME)";
				SWIFT_VERSION = 5.0;
				TARGETED_DEVICE_FAMILY = "1,2";
			};
			name = Debug;
		};
		C70FBFF0263B26B600CAEF09 /* Release */ = {
			isa = XCBuildConfiguration;
			buildSettings = {
				ASSETCATALOG_COMPILER_APPICON_NAME = AppIcon;
				ASSETCATALOG_COMPILER_GLOBAL_ACCENT_COLOR_NAME = AccentColor;
				CODE_SIGN_STYLE = Automatic;
				DEVELOPMENT_TEAM = 9FW5792CCY;
				INFOPLIST_FILE = AsianArt/Info.plist;
				LD_RUNPATH_SEARCH_PATHS = (
					"$(inherited)",
					"@executable_path/Frameworks",
				);
				PRODUCT_BUNDLE_IDENTIFIER = earlham.AsianArt;
				PRODUCT_NAME = "$(TARGET_NAME)";
				SWIFT_VERSION = 5.0;
				TARGETED_DEVICE_FAMILY = "1,2";
			};
			name = Release;
		};
		C70FBFF2263B26B600CAEF09 /* Debug */ = {
			isa = XCBuildConfiguration;
			buildSettings = {
				ALWAYS_EMBED_SWIFT_STANDARD_LIBRARIES = YES;
				BUNDLE_LOADER = "$(TEST_HOST)";
				CODE_SIGN_STYLE = Automatic;
				DEVELOPMENT_TEAM = 9FW5792CCY;
				INFOPLIST_FILE = AsianArtTests/Info.plist;
				IPHONEOS_DEPLOYMENT_TARGET = 14.4;
				LD_RUNPATH_SEARCH_PATHS = (
					"$(inherited)",
					"@executable_path/Frameworks",
					"@loader_path/Frameworks",
				);
				PRODUCT_BUNDLE_IDENTIFIER = earlham.AsianArtTests;
				PRODUCT_NAME = "$(TARGET_NAME)";
				SWIFT_VERSION = 5.0;
				TARGETED_DEVICE_FAMILY = "1,2";
				TEST_HOST = "$(BUILT_PRODUCTS_DIR)/AsianArt.app/AsianArt";
			};
			name = Debug;
		};
		C70FBFF3263B26B600CAEF09 /* Release */ = {
			isa = XCBuildConfiguration;
			buildSettings = {
				ALWAYS_EMBED_SWIFT_STANDARD_LIBRARIES = YES;
				BUNDLE_LOADER = "$(TEST_HOST)";
				CODE_SIGN_STYLE = Automatic;
				DEVELOPMENT_TEAM = 9FW5792CCY;
				INFOPLIST_FILE = AsianArtTests/Info.plist;
				IPHONEOS_DEPLOYMENT_TARGET = 14.4;
				LD_RUNPATH_SEARCH_PATHS = (
					"$(inherited)",
					"@executable_path/Frameworks",
					"@loader_path/Frameworks",
				);
				PRODUCT_BUNDLE_IDENTIFIER = earlham.AsianArtTests;
				PRODUCT_NAME = "$(TARGET_NAME)";
				SWIFT_VERSION = 5.0;
				TARGETED_DEVICE_FAMILY = "1,2";
				TEST_HOST = "$(BUILT_PRODUCTS_DIR)/AsianArt.app/AsianArt";
			};
			name = Release;
		};
		C70FBFF5263B26B600CAEF09 /* Debug */ = {
			isa = XCBuildConfiguration;
			buildSettings = {
				ALWAYS_EMBED_SWIFT_STANDARD_LIBRARIES = YES;
				CODE_SIGN_STYLE = Automatic;
				DEVELOPMENT_TEAM = 9FW5792CCY;
				INFOPLIST_FILE = AsianArtUITests/Info.plist;
				LD_RUNPATH_SEARCH_PATHS = (
					"$(inherited)",
					"@executable_path/Frameworks",
					"@loader_path/Frameworks",
				);
				PRODUCT_BUNDLE_IDENTIFIER = earlham.AsianArtUITests;
				PRODUCT_NAME = "$(TARGET_NAME)";
				SWIFT_VERSION = 5.0;
				TARGETED_DEVICE_FAMILY = "1,2";
				TEST_TARGET_NAME = AsianArt;
			};
			name = Debug;
		};
		C70FBFF6263B26B600CAEF09 /* Release */ = {
			isa = XCBuildConfiguration;
			buildSettings = {
				ALWAYS_EMBED_SWIFT_STANDARD_LIBRARIES = YES;
				CODE_SIGN_STYLE = Automatic;
				DEVELOPMENT_TEAM = 9FW5792CCY;
				INFOPLIST_FILE = AsianArtUITests/Info.plist;
				LD_RUNPATH_SEARCH_PATHS = (
					"$(inherited)",
					"@executable_path/Frameworks",
					"@loader_path/Frameworks",
				);
				PRODUCT_BUNDLE_IDENTIFIER = earlham.AsianArtUITests;
				PRODUCT_NAME = "$(TARGET_NAME)";
				SWIFT_VERSION = 5.0;
				TARGETED_DEVICE_FAMILY = "1,2";
				TEST_TARGET_NAME = AsianArt;
			};
			name = Release;
		};
/* End XCBuildConfiguration section */

/* Begin XCConfigurationList section */
		C70FBFBF263B26B500CAEF09 /* Build configuration list for PBXProject "AsianArt" */ = {
			isa = XCConfigurationList;
			buildConfigurations = (
				C70FBFEC263B26B600CAEF09 /* Debug */,
				C70FBFED263B26B600CAEF09 /* Release */,
			);
			defaultConfigurationIsVisible = 0;
			defaultConfigurationName = Release;
		};
		C70FBFEE263B26B600CAEF09 /* Build configuration list for PBXNativeTarget "AsianArt" */ = {
			isa = XCConfigurationList;
			buildConfigurations = (
				C70FBFEF263B26B600CAEF09 /* Debug */,
				C70FBFF0263B26B600CAEF09 /* Release */,
			);
			defaultConfigurationIsVisible = 0;
			defaultConfigurationName = Release;
		};
		C70FBFF1263B26B600CAEF09 /* Build configuration list for PBXNativeTarget "AsianArtTests" */ = {
			isa = XCConfigurationList;
			buildConfigurations = (
				C70FBFF2263B26B600CAEF09 /* Debug */,
				C70FBFF3263B26B600CAEF09 /* Release */,
			);
			defaultConfigurationIsVisible = 0;
			defaultConfigurationName = Release;
		};
		C70FBFF4263B26B600CAEF09 /* Build configuration list for PBXNativeTarget "AsianArtUITests" */ = {
			isa = XCConfigurationList;
			buildConfigurations = (
				C70FBFF5263B26B600CAEF09 /* Debug */,
				C70FBFF6263B26B600CAEF09 /* Release */,
			);
			defaultConfigurationIsVisible = 0;
			defaultConfigurationName = Release;
		};
/* End XCConfigurationList section */
	};
	rootObject = C70FBFBC263B26B500CAEF09 /* Project object */;
}
